
Microsoft Visual Studio Solution File, Format Version 12.00
# Visual Studio Version 16
VisualStudioVersion = 16.0.30309.148
MinimumVisualStudioVersion = 10.0.40219.1
Project("{F184B08F-C81C-45F6-A57F-5ABD9991F28F}") = "oxygen", "oxygen\oxygen.vbproj", "{39988D63-291D-497F-AA5A-3E59F32B2928}"
EndProject
Global
	GlobalSection(SolutionConfigurationPlatforms) = preSolution
		Debug|Any CPU = Debug|Any CPU
		Release|Any CPU = Release|Any CPU
	EndGlobalSection
	GlobalSection(ProjectConfigurationPlatforms) = postSolution
		{39988D63-291D-497F-AA5A-3E59F32B2928}.Debug|Any CPU.ActiveCfg = Debug|Any CPU
		{39988D63-291D-497F-AA5A-3E59F32B2928}.Debug|Any CPU.Build.0 = Debug|Any CPU
		{39988D63-291D-497F-AA5A-3E59F32B2928}.Release|Any CPU.ActiveCfg = Release|Any CPU
		{39988D63-291D-497F-AA5A-3E59F32B2928}.Release|Any CPU.Build.0 = Release|Any CPU
	EndGlobalSection
	GlobalSection(SolutionProperties) = preSolution
		HideSolutionNode = FALSE
	EndGlobalSection
	GlobalSection(ExtensibilityGlobals) = postSolution
		SolutionGuid = {FBB4833E-F49B-4802-979D-FEAEDB31873D}
	EndGlobalSection
EndGlobal
